
Microsoft Visual Studio Solution File, Format Version 12.00
# Visual Studio Version 18
VisualStudioVersion = 18.3.11512.155 d18.3
MinimumVisualStudioVersion = 10.0.40219.1
Project("{FAE04EC0-301F-11D3-BF4B-00C04F79EFBC}") = "100mexicanosDijeron", "100mexicanosDijeron.csproj", "{1E6C907C-E475-4EB5-9877-642197F0D4F5}"
EndProject
Global
	GlobalSection(SolutionConfigurationPlatforms) = preSolution
		Debug|Any CPU = Debug|Any CPU
		Release|Any CPU = Release|Any CPU
	EndGlobalSection
	GlobalSection(ProjectConfigurationPlatforms) = postSolution
		{1E6C907C-E475-4EB5-9877-642197F0D4F5}.Debug|Any CPU.ActiveCfg = Debug|Any CPU
		{1E6C907C-E475-4EB5-9877-642197F0D4F5}.Debug|Any CPU.Build.0 = Debug|Any CPU
		{1E6C907C-E475-4EB5-9877-642197F0D4F5}.Release|Any CPU.ActiveCfg = Release|Any CPU
		{1E6C907C-E475-4EB5-9877-642197F0D4F5}.Release|Any CPU.Build.0 = Release|Any CPU
	EndGlobalSection
	GlobalSection(SolutionProperties) = preSolution
		HideSolutionNode = FALSE
	EndGlobalSection
	GlobalSection(ExtensibilityGlobals) = postSolution
		SolutionGuid = {D2635AD9-5526-424C-BE11-FFC18F3A017A}
	EndGlobalSection
EndGlobal
